# THIS IS AN AUTOGENERATED FILE. DO NOT EDIT THIS FILE DIRECTLY.
# yarn lockfile v1


"@types/google-apps-script@^0.0.32":
  version "0.0.32"
  resolved "https://registry.yarnpkg.com/@types/google-apps-script/-/google-apps-script-0.0.32.tgz#5eb4b520123e2084c93533b4ac82b0a8b1a3f1d6"
  integrity sha512-za4/vCLMvDo2pG8S7vLQXwX7KtOkNk8vT/jPnNQTHFl03Y7aHd0jnL+eOHK8lYN2XIEtfhkv/5D1HgNbTCoaGg==
